
Microsoft Visual Studio Solution File, Format Version 12.00
# Visual Studio Version 17
VisualStudioVersion = 17.0.31919.166
MinimumVisualStudioVersion = 10.0.40219.1
Project("{FAE04EC0-301F-11D3-BF4B-00C04F79EFBC}") = "Exe-13", "Exe-13\Exe-13.csproj", "{89D0199F-3ECC-49A0-9FAA-40695BABF985}"
EndProject
Global
	GlobalSection(SolutionConfigurationPlatforms) = preSolution
		Debug|Any CPU = Debug|Any CPU
		Release|Any CPU = Release|Any CPU
	EndGlobalSection
	GlobalSection(ProjectConfigurationPlatforms) = postSolution
		{89D0199F-3ECC-49A0-9FAA-40695BABF985}.Debug|Any CPU.ActiveCfg = Debug|Any CPU
		{89D0199F-3ECC-49A0-9FAA-40695BABF985}.Debug|Any CPU.Build.0 = Debug|Any CPU
		{89D0199F-3ECC-49A0-9FAA-40695BABF985}.Release|Any CPU.ActiveCfg = Release|Any CPU
		{89D0199F-3ECC-49A0-9FAA-40695BABF985}.Release|Any CPU.Build.0 = Release|Any CPU
	EndGlobalSection
	GlobalSection(SolutionProperties) = preSolution
		HideSolutionNode = FALSE
	EndGlobalSection
	GlobalSection(ExtensibilityGlobals) = postSolution
		SolutionGuid = {66732039-B474-4B87-A906-BAC2E238DA77}
	EndGlobalSection
EndGlobal
