
Microsoft Visual Studio Solution File, Format Version 12.00
# Visual Studio Version 17
VisualStudioVersion = 17.0.31919.166
MinimumVisualStudioVersion = 10.0.40219.1
Project("{FAE04EC0-301F-11D3-BF4B-00C04F79EFBC}") = "Exe-5", "Exe-5\Exe-5.csproj", "{4C742218-925F-457E-9389-83ED3454B7EB}"
EndProject
Global
	GlobalSection(SolutionConfigurationPlatforms) = preSolution
		Debug|Any CPU = Debug|Any CPU
		Release|Any CPU = Release|Any CPU
	EndGlobalSection
	GlobalSection(ProjectConfigurationPlatforms) = postSolution
		{4C742218-925F-457E-9389-83ED3454B7EB}.Debug|Any CPU.ActiveCfg = Debug|Any CPU
		{4C742218-925F-457E-9389-83ED3454B7EB}.Debug|Any CPU.Build.0 = Debug|Any CPU
		{4C742218-925F-457E-9389-83ED3454B7EB}.Release|Any CPU.ActiveCfg = Release|Any CPU
		{4C742218-925F-457E-9389-83ED3454B7EB}.Release|Any CPU.Build.0 = Release|Any CPU
	EndGlobalSection
	GlobalSection(SolutionProperties) = preSolution
		HideSolutionNode = FALSE
	EndGlobalSection
	GlobalSection(ExtensibilityGlobals) = postSolution
		SolutionGuid = {53C6F87C-3959-465F-8E5F-75831B6C8B3D}
	EndGlobalSection
EndGlobal
