
Microsoft Visual Studio Solution File, Format Version 12.00
# Visual Studio Version 17
VisualStudioVersion = 17.0.31919.166
MinimumVisualStudioVersion = 10.0.40219.1
Project("{FAE04EC0-301F-11D3-BF4B-00C04F79EFBC}") = "Exe-6", "Exe-6\Exe-6.csproj", "{F16B6EF8-70EB-431E-843F-FC8E5C242B10}"
EndProject
Global
	GlobalSection(SolutionConfigurationPlatforms) = preSolution
		Debug|Any CPU = Debug|Any CPU
		Release|Any CPU = Release|Any CPU
	EndGlobalSection
	GlobalSection(ProjectConfigurationPlatforms) = postSolution
		{F16B6EF8-70EB-431E-843F-FC8E5C242B10}.Debug|Any CPU.ActiveCfg = Debug|Any CPU
		{F16B6EF8-70EB-431E-843F-FC8E5C242B10}.Debug|Any CPU.Build.0 = Debug|Any CPU
		{F16B6EF8-70EB-431E-843F-FC8E5C242B10}.Release|Any CPU.ActiveCfg = Release|Any CPU
		{F16B6EF8-70EB-431E-843F-FC8E5C242B10}.Release|Any CPU.Build.0 = Release|Any CPU
	EndGlobalSection
	GlobalSection(SolutionProperties) = preSolution
		HideSolutionNode = FALSE
	EndGlobalSection
	GlobalSection(ExtensibilityGlobals) = postSolution
		SolutionGuid = {19480326-E2BD-4D43-B9E1-A102185F8D79}
	EndGlobalSection
EndGlobal
